{
    "_meta": {
        "hash": {
            "sha256": "6dc961a20c23641552fa713e3e1557c270cb10d52f15d8a5a4944dbbab90a762"
        },
        "pipfile-spec": 6,
        "requires": {
            "python_version": "3.9.14"
        },
        "sources": [
            {
                "name": "pypi",
                "url": "https://pypi.org/simple",
                "verify_ssl": true
            }
        ]
    },
    "default": {},
    "develop": {}
}
